
Microsoft Visual Studio Solution File, Format Version 12.00
# Visual Studio 15
VisualStudioVersion = 15.0.26730.16
MinimumVisualStudioVersion = 10.0.40219.1
Project("{FAE04EC0-301F-11D3-BF4B-00C04F79EFBC}") = "HRM.Entity", "HRM.Entity\HRM.Entity.csproj", "{86E8C7B0-F401-4F4A-8BE1-FFADC30C7257}"
EndProject
Project("{2150E333-8FDC-42A3-9474-1A3956D46DE8}") = "MidLayer", "MidLayer", "{844D099F-FDD0-4EFE-9D2F-F11FEBA4FBF7}"
EndProject
Project("{FAE04EC0-301F-11D3-BF4B-00C04F79EFBC}") = "HRM.Data", "HRM.Data\HRM.Data.csproj", "{2EB3ADBB-D7F3-4E00-AD69-33B2E9E73F37}"
EndProject
Project("{2150E333-8FDC-42A3-9474-1A3956D46DE8}") = "InnerLayer", "InnerLayer", "{26E1F865-D50E-4063-8657-2829A45C16C0}"
EndProject
Project("{FAE04EC0-301F-11D3-BF4B-00C04F79EFBC}") = "HRM.Service", "HRM.Service\HRM.Service.csproj", "{EB917A7B-91D1-47C8-A663-941CBF035B0A}"
EndProject
Project("{2150E333-8FDC-42A3-9474-1A3956D46DE8}") = "TestLayer", "TestLayer", "{67524B7E-5C55-4E0A-92C5-ACEC834C4E13}"
EndProject
Project("{FAE04EC0-301F-11D3-BF4B-00C04F79EFBC}") = "HRM.Test", "HRM.Test\HRM.Test.csproj", "{16DACDF7-5371-4E18-958B-8F683D6978E3}"
EndProject
Project("{FAE04EC0-301F-11D3-BF4B-00C04F79EFBC}") = "HRM", "HRM\HRM.csproj", "{5CD4E00A-A306-44CD-8E88-125E47C66C82}"
EndProject
Project("{2150E333-8FDC-42A3-9474-1A3956D46DE8}") = "CoreLayer", "CoreLayer", "{F7B8A2C0-E10C-4509-8826-7F1180CC0FDA}"
EndProject
Project("{2150E333-8FDC-42A3-9474-1A3956D46DE8}") = "PresentationLayer", "PresentationLayer", "{8645CDB8-BA91-42FF-9885-6E6D3E23B8B8}"
	ProjectSection(SolutionItems) = preProject
		HRM.Facade\FacadeFactory.cs = HRM.Facade\FacadeFactory.cs
	EndProjectSection
EndProject
Project("{FAE04EC0-301F-11D3-BF4B-00C04F79EFBC}") = "HRM.View", "HRM.View\HRM.View.csproj", "{ECA0517C-4DA4-46EB-AF3F-5DB945D1AB5D}"
EndProject
Project("{FAE04EC0-301F-11D3-BF4B-00C04F79EFBC}") = "HRM.View.Tests", "HRM.View.Tests\HRM.View.Tests.csproj", "{E1BCB294-1E5D-45B2-9B8A-939186D6FFA7}"
EndProject
Project("{2150E333-8FDC-42A3-9474-1A3956D46DE8}") = "FacadeLayer", "FacadeLayer", "{276A33CD-A8CA-4A5F-B7A8-180424E3E258}"
EndProject
Project("{FAE04EC0-301F-11D3-BF4B-00C04F79EFBC}") = "HRM.Facade", "HRM.Facade\HRM.Facade.csproj", "{3D73C751-B9E6-4BAD-8918-73971BB3099B}"
EndProject
Global
	GlobalSection(SolutionConfigurationPlatforms) = preSolution
		Debug|Any CPU = Debug|Any CPU
		Release|Any CPU = Release|Any CPU
	EndGlobalSection
	GlobalSection(ProjectConfigurationPlatforms) = postSolution
		{86E8C7B0-F401-4F4A-8BE1-FFADC30C7257}.Debug|Any CPU.ActiveCfg = Debug|Any CPU
		{86E8C7B0-F401-4F4A-8BE1-FFADC30C7257}.Debug|Any CPU.Build.0 = Debug|Any CPU
		{86E8C7B0-F401-4F4A-8BE1-FFADC30C7257}.Release|Any CPU.ActiveCfg = Release|Any CPU
		{86E8C7B0-F401-4F4A-8BE1-FFADC30C7257}.Release|Any CPU.Build.0 = Release|Any CPU
		{2EB3ADBB-D7F3-4E00-AD69-33B2E9E73F37}.Debug|Any CPU.ActiveCfg = Debug|Any CPU
		{2EB3ADBB-D7F3-4E00-AD69-33B2E9E73F37}.Debug|Any CPU.Build.0 = Debug|Any CPU
		{2EB3ADBB-D7F3-4E00-AD69-33B2E9E73F37}.Release|Any CPU.ActiveCfg = Release|Any CPU
		{2EB3ADBB-D7F3-4E00-AD69-33B2E9E73F37}.Release|Any CPU.Build.0 = Release|Any CPU
		{EB917A7B-91D1-47C8-A663-941CBF035B0A}.Debug|Any CPU.ActiveCfg = Debug|Any CPU
		{EB917A7B-91D1-47C8-A663-941CBF035B0A}.Debug|Any CPU.Build.0 = Debug|Any CPU
		{EB917A7B-91D1-47C8-A663-941CBF035B0A}.Release|Any CPU.ActiveCfg = Release|Any CPU
		{EB917A7B-91D1-47C8-A663-941CBF035B0A}.Release|Any CPU.Build.0 = Release|Any CPU
		{16DACDF7-5371-4E18-958B-8F683D6978E3}.Debug|Any CPU.ActiveCfg = Debug|Any CPU
		{16DACDF7-5371-4E18-958B-8F683D6978E3}.Debug|Any CPU.Build.0 = Debug|Any CPU
		{16DACDF7-5371-4E18-958B-8F683D6978E3}.Release|Any CPU.ActiveCfg = Release|Any CPU
		{16DACDF7-5371-4E18-958B-8F683D6978E3}.Release|Any CPU.Build.0 = Release|Any CPU
		{5CD4E00A-A306-44CD-8E88-125E47C66C82}.Debug|Any CPU.ActiveCfg = Debug|Any CPU
		{5CD4E00A-A306-44CD-8E88-125E47C66C82}.Debug|Any CPU.Build.0 = Debug|Any CPU
		{5CD4E00A-A306-44CD-8E88-125E47C66C82}.Release|Any CPU.ActiveCfg = Release|Any CPU
		{5CD4E00A-A306-44CD-8E88-125E47C66C82}.Release|Any CPU.Build.0 = Release|Any CPU
		{ECA0517C-4DA4-46EB-AF3F-5DB945D1AB5D}.Debug|Any CPU.ActiveCfg = Debug|Any CPU
		{ECA0517C-4DA4-46EB-AF3F-5DB945D1AB5D}.Debug|Any CPU.Build.0 = Debug|Any CPU
		{ECA0517C-4DA4-46EB-AF3F-5DB945D1AB5D}.Release|Any CPU.ActiveCfg = Release|Any CPU
		{ECA0517C-4DA4-46EB-AF3F-5DB945D1AB5D}.Release|Any CPU.Build.0 = Release|Any CPU
		{E1BCB294-1E5D-45B2-9B8A-939186D6FFA7}.Debug|Any CPU.ActiveCfg = Debug|Any CPU
		{E1BCB294-1E5D-45B2-9B8A-939186D6FFA7}.Debug|Any CPU.Build.0 = Debug|Any CPU
		{E1BCB294-1E5D-45B2-9B8A-939186D6FFA7}.Release|Any CPU.ActiveCfg = Release|Any CPU
		{E1BCB294-1E5D-45B2-9B8A-939186D6FFA7}.Release|Any CPU.Build.0 = Release|Any CPU
		{3D73C751-B9E6-4BAD-8918-73971BB3099B}.Debug|Any CPU.ActiveCfg = Debug|Any CPU
		{3D73C751-B9E6-4BAD-8918-73971BB3099B}.Debug|Any CPU.Build.0 = Debug|Any CPU
		{3D73C751-B9E6-4BAD-8918-73971BB3099B}.Release|Any CPU.ActiveCfg = Release|Any CPU
		{3D73C751-B9E6-4BAD-8918-73971BB3099B}.Release|Any CPU.Build.0 = Release|Any CPU
	EndGlobalSection
	GlobalSection(SolutionProperties) = preSolution
		HideSolutionNode = FALSE
	EndGlobalSection
	GlobalSection(NestedProjects) = preSolution
		{86E8C7B0-F401-4F4A-8BE1-FFADC30C7257} = {F7B8A2C0-E10C-4509-8826-7F1180CC0FDA}
		{2EB3ADBB-D7F3-4E00-AD69-33B2E9E73F37} = {26E1F865-D50E-4063-8657-2829A45C16C0}
		{EB917A7B-91D1-47C8-A663-941CBF035B0A} = {844D099F-FDD0-4EFE-9D2F-F11FEBA4FBF7}
		{16DACDF7-5371-4E18-958B-8F683D6978E3} = {67524B7E-5C55-4E0A-92C5-ACEC834C4E13}
		{ECA0517C-4DA4-46EB-AF3F-5DB945D1AB5D} = {8645CDB8-BA91-42FF-9885-6E6D3E23B8B8}
		{E1BCB294-1E5D-45B2-9B8A-939186D6FFA7} = {67524B7E-5C55-4E0A-92C5-ACEC834C4E13}
		{3D73C751-B9E6-4BAD-8918-73971BB3099B} = {276A33CD-A8CA-4A5F-B7A8-180424E3E258}
	EndGlobalSection
	GlobalSection(ExtensibilityGlobals) = postSolution
		SolutionGuid = {E7B24F89-BB3F-40EA-9859-5F3DFC03A107}
	EndGlobalSection
EndGlobal
